
Microsoft Visual Studio Solution File, Format Version 12.00
# Visual Studio 14
VisualStudioVersion = 14.0.24720.0
MinimumVisualStudioVersion = 10.0.40219.1
Project("{FAE04EC0-301F-11D3-BF4B-00C04F79EFBC}") = "Arrays in C sharp", "Arrays in C sharp\Arrays in C sharp.csproj", "{DAB7B129-0162-4699-AF6F-134A3F36202B}"
EndProject
Project("{8BC9CEB8-8B4A-11D0-8D11-00A0C91BC942}") = "Arrays", "Arrays\Arrays.vcxproj", "{C584FEA7-E244-41F6-970C-8054C0E9265F}"
EndProject
Project("{8BC9CEB8-8B4A-11D0-8D11-00A0C91BC942}") = "Multiple Files", "Multiple Files\Multiple Files.vcxproj", "{AA3B1CB2-B8D9-4F32-AD13-C0863FEF1576}"
EndProject
Project("{8BC9CEB8-8B4A-11D0-8D11-00A0C91BC942}") = "Ball Drop", "Ball Drop\Ball Drop.vcxproj", "{45D00796-CACB-4B02-890B-5B954DDFD000}"
EndProject
Project("{8BC9CEB8-8B4A-11D0-8D11-00A0C91BC942}") = "Static and non-static variables", "Static and non-static variables\Static and non-static variables.vcxproj", "{43ED39F8-48D5-44EC-A5C6-85752047DF90}"
EndProject
Project("{8BC9CEB8-8B4A-11D0-8D11-00A0C91BC942}") = "Monster printer", "Monster printer\Monster printer.vcxproj", "{112FC09D-A118-4390-9585-621E4C10E1B0}"
EndProject
Project("{8BC9CEB8-8B4A-11D0-8D11-00A0C91BC942}") = "Selection Sort", "Selection Sort\Selection Sort.vcxproj", "{55AE8C04-D8F0-43D1-B42C-A7EE9EF81B30}"
EndProject
Project("{8BC9CEB8-8B4A-11D0-8D11-00A0C91BC942}") = "2DMonsters", "2DMonsters\2DMonsters.vcxproj", "{05CB7F20-C655-41C2-AAB3-8149EEDEC51B}"
EndProject
Project("{8BC9CEB8-8B4A-11D0-8D11-00A0C91BC942}") = "Cascading Inheritance", "Cascading Inheritance\Cascading Inheritance.vcxproj", "{E4B66279-6E7E-4326-8C1F-522D3DA81210}"
EndProject
Project("{FAE04EC0-301F-11D3-BF4B-00C04F79EFBC}") = "Area of Shapes", "Area of Shapes\Area of Shapes.csproj", "{689AF2F7-95EF-4EBD-A9A8-FC70F8B55E12}"
EndProject
Project("{8BC9CEB8-8B4A-11D0-8D11-00A0C91BC942}") = "Animals", "Animals\Animals.vcxproj", "{2DB1B32D-3C33-48DC-AAEB-FC67B4E7994D}"
EndProject
Project("{8BC9CEB8-8B4A-11D0-8D11-00A0C91BC942}") = "Input Validation", "String Validation\String Validation.vcxproj", "{8AD423A0-DE46-4466-AFBC-4422E170C303}"
EndProject
Project("{8BC9CEB8-8B4A-11D0-8D11-00A0C91BC942}") = "File IO", "File IO\File IO.vcxproj", "{56BCAF24-8438-47A4-8222-2D2366553679}"
EndProject
Global
	GlobalSection(SolutionConfigurationPlatforms) = preSolution
		Debug|Any CPU = Debug|Any CPU
		Debug|ARM = Debug|ARM
		Debug|x64 = Debug|x64
		Debug|x86 = Debug|x86
		Release|Any CPU = Release|Any CPU
		Release|ARM = Release|ARM
		Release|x64 = Release|x64
		Release|x86 = Release|x86
	EndGlobalSection
	GlobalSection(ProjectConfigurationPlatforms) = postSolution
		{DAB7B129-0162-4699-AF6F-134A3F36202B}.Debug|Any CPU.ActiveCfg = Debug|Any CPU
		{DAB7B129-0162-4699-AF6F-134A3F36202B}.Debug|Any CPU.Build.0 = Debug|Any CPU
		{DAB7B129-0162-4699-AF6F-134A3F36202B}.Debug|ARM.ActiveCfg = Debug|Any CPU
		{DAB7B129-0162-4699-AF6F-134A3F36202B}.Debug|ARM.Build.0 = Debug|Any CPU
		{DAB7B129-0162-4699-AF6F-134A3F36202B}.Debug|x64.ActiveCfg = Debug|Any CPU
		{DAB7B129-0162-4699-AF6F-134A3F36202B}.Debug|x64.Build.0 = Debug|Any CPU
		{DAB7B129-0162-4699-AF6F-134A3F36202B}.Debug|x86.ActiveCfg = Debug|Any CPU
		{DAB7B129-0162-4699-AF6F-134A3F36202B}.Debug|x86.Build.0 = Debug|Any CPU
		{DAB7B129-0162-4699-AF6F-134A3F36202B}.Release|Any CPU.ActiveCfg = Release|Any CPU
		{DAB7B129-0162-4699-AF6F-134A3F36202B}.Release|Any CPU.Build.0 = Release|Any CPU
		{DAB7B129-0162-4699-AF6F-134A3F36202B}.Release|ARM.ActiveCfg = Release|Any CPU
		{DAB7B129-0162-4699-AF6F-134A3F36202B}.Release|ARM.Build.0 = Release|Any CPU
		{DAB7B129-0162-4699-AF6F-134A3F36202B}.Release|x64.ActiveCfg = Release|Any CPU
		{DAB7B129-0162-4699-AF6F-134A3F36202B}.Release|x64.Build.0 = Release|Any CPU
		{DAB7B129-0162-4699-AF6F-134A3F36202B}.Release|x86.ActiveCfg = Release|Any CPU
		{DAB7B129-0162-4699-AF6F-134A3F36202B}.Release|x86.Build.0 = Release|Any CPU
		{C584FEA7-E244-41F6-970C-8054C0E9265F}.Debug|Any CPU.ActiveCfg = Debug|Win32
		{C584FEA7-E244-41F6-970C-8054C0E9265F}.Debug|ARM.ActiveCfg = Debug|Win32
		{C584FEA7-E244-41F6-970C-8054C0E9265F}.Debug|x64.ActiveCfg = Debug|Win32
		{C584FEA7-E244-41F6-970C-8054C0E9265F}.Debug|x86.ActiveCfg = Debug|Win32
		{C584FEA7-E244-41F6-970C-8054C0E9265F}.Debug|x86.Build.0 = Debug|Win32
		{C584FEA7-E244-41F6-970C-8054C0E9265F}.Release|Any CPU.ActiveCfg = Release|Win32
		{C584FEA7-E244-41F6-970C-8054C0E9265F}.Release|ARM.ActiveCfg = Release|Win32
		{C584FEA7-E244-41F6-970C-8054C0E9265F}.Release|x64.ActiveCfg = Release|Win32
		{C584FEA7-E244-41F6-970C-8054C0E9265F}.Release|x86.ActiveCfg = Release|Win32
		{C584FEA7-E244-41F6-970C-8054C0E9265F}.Release|x86.Build.0 = Release|Win32
		{AA3B1CB2-B8D9-4F32-AD13-C0863FEF1576}.Debug|Any CPU.ActiveCfg = Debug|Win32
		{AA3B1CB2-B8D9-4F32-AD13-C0863FEF1576}.Debug|ARM.ActiveCfg = Debug|Win32
		{AA3B1CB2-B8D9-4F32-AD13-C0863FEF1576}.Debug|x64.ActiveCfg = Debug|Win32
		{AA3B1CB2-B8D9-4F32-AD13-C0863FEF1576}.Debug|x86.ActiveCfg = Debug|Win32
		{AA3B1CB2-B8D9-4F32-AD13-C0863FEF1576}.Debug|x86.Build.0 = Debug|Win32
		{AA3B1CB2-B8D9-4F32-AD13-C0863FEF1576}.Release|Any CPU.ActiveCfg = Release|Win32
		{AA3B1CB2-B8D9-4F32-AD13-C0863FEF1576}.Release|ARM.ActiveCfg = Release|Win32
		{AA3B1CB2-B8D9-4F32-AD13-C0863FEF1576}.Release|x64.ActiveCfg = Release|Win32
		{AA3B1CB2-B8D9-4F32-AD13-C0863FEF1576}.Release|x86.ActiveCfg = Release|Win32
		{AA3B1CB2-B8D9-4F32-AD13-C0863FEF1576}.Release|x86.Build.0 = Release|Win32
		{45D00796-CACB-4B02-890B-5B954DDFD000}.Debug|Any CPU.ActiveCfg = Debug|Win32
		{45D00796-CACB-4B02-890B-5B954DDFD000}.Debug|ARM.ActiveCfg = Debug|Win32
		{45D00796-CACB-4B02-890B-5B954DDFD000}.Debug|x64.ActiveCfg = Debug|Win32
		{45D00796-CACB-4B02-890B-5B954DDFD000}.Debug|x86.ActiveCfg = Debug|Win32
		{45D00796-CACB-4B02-890B-5B954DDFD000}.Debug|x86.Build.0 = Debug|Win32
		{45D00796-CACB-4B02-890B-5B954DDFD000}.Release|Any CPU.ActiveCfg = Release|Win32
		{45D00796-CACB-4B02-890B-5B954DDFD000}.Release|ARM.ActiveCfg = Release|Win32
		{45D00796-CACB-4B02-890B-5B954DDFD000}.Release|x64.ActiveCfg = Release|Win32
		{45D00796-CACB-4B02-890B-5B954DDFD000}.Release|x86.ActiveCfg = Release|Win32
		{45D00796-CACB-4B02-890B-5B954DDFD000}.Release|x86.Build.0 = Release|Win32
		{43ED39F8-48D5-44EC-A5C6-85752047DF90}.Debug|Any CPU.ActiveCfg = Debug|Win32
		{43ED39F8-48D5-44EC-A5C6-85752047DF90}.Debug|ARM.ActiveCfg = Debug|Win32
		{43ED39F8-48D5-44EC-A5C6-85752047DF90}.Debug|x64.ActiveCfg = Debug|Win32
		{43ED39F8-48D5-44EC-A5C6-85752047DF90}.Debug|x86.ActiveCfg = Debug|Win32
		{43ED39F8-48D5-44EC-A5C6-85752047DF90}.Debug|x86.Build.0 = Debug|Win32
		{43ED39F8-48D5-44EC-A5C6-85752047DF90}.Release|Any CPU.ActiveCfg = Release|Win32
		{43ED39F8-48D5-44EC-A5C6-85752047DF90}.Release|ARM.ActiveCfg = Release|Win32
		{43ED39F8-48D5-44EC-A5C6-85752047DF90}.Release|x64.ActiveCfg = Release|Win32
		{43ED39F8-48D5-44EC-A5C6-85752047DF90}.Release|x86.ActiveCfg = Release|Win32
		{43ED39F8-48D5-44EC-A5C6-85752047DF90}.Release|x86.Build.0 = Release|Win32
		{112FC09D-A118-4390-9585-621E4C10E1B0}.Debug|Any CPU.ActiveCfg = Debug|Win32
		{112FC09D-A118-4390-9585-621E4C10E1B0}.Debug|ARM.ActiveCfg = Debug|Win32
		{112FC09D-A118-4390-9585-621E4C10E1B0}.Debug|x64.ActiveCfg = Debug|Win32
		{112FC09D-A118-4390-9585-621E4C10E1B0}.Debug|x86.ActiveCfg = Debug|Win32
		{112FC09D-A118-4390-9585-621E4C10E1B0}.Debug|x86.Build.0 = Debug|Win32
		{112FC09D-A118-4390-9585-621E4C10E1B0}.Release|Any CPU.ActiveCfg = Release|Win32
		{112FC09D-A118-4390-9585-621E4C10E1B0}.Release|ARM.ActiveCfg = Release|Win32
		{112FC09D-A118-4390-9585-621E4C10E1B0}.Release|x64.ActiveCfg = Release|Win32
		{112FC09D-A118-4390-9585-621E4C10E1B0}.Release|x86.ActiveCfg = Release|Win32
		{112FC09D-A118-4390-9585-621E4C10E1B0}.Release|x86.Build.0 = Release|Win32
		{55AE8C04-D8F0-43D1-B42C-A7EE9EF81B30}.Debug|Any CPU.ActiveCfg = Debug|Win32
		{55AE8C04-D8F0-43D1-B42C-A7EE9EF81B30}.Debug|ARM.ActiveCfg = Debug|Win32
		{55AE8C04-D8F0-43D1-B42C-A7EE9EF81B30}.Debug|x64.ActiveCfg = Debug|Win32
		{55AE8C04-D8F0-43D1-B42C-A7EE9EF81B30}.Debug|x86.ActiveCfg = Debug|Win32
		{55AE8C04-D8F0-43D1-B42C-A7EE9EF81B30}.Debug|x86.Build.0 = Debug|Win32
		{55AE8C04-D8F0-43D1-B42C-A7EE9EF81B30}.Release|Any CPU.ActiveCfg = Release|Win32
		{55AE8C04-D8F0-43D1-B42C-A7EE9EF81B30}.Release|ARM.ActiveCfg = Release|Win32
		{55AE8C04-D8F0-43D1-B42C-A7EE9EF81B30}.Release|x64.ActiveCfg = Release|Win32
		{55AE8C04-D8F0-43D1-B42C-A7EE9EF81B30}.Release|x86.ActiveCfg = Release|Win32
		{55AE8C04-D8F0-43D1-B42C-A7EE9EF81B30}.Release|x86.Build.0 = Release|Win32
		{05CB7F20-C655-41C2-AAB3-8149EEDEC51B}.Debug|Any CPU.ActiveCfg = Debug|Win32
		{05CB7F20-C655-41C2-AAB3-8149EEDEC51B}.Debug|ARM.ActiveCfg = Debug|Win32
		{05CB7F20-C655-41C2-AAB3-8149EEDEC51B}.Debug|x64.ActiveCfg = Debug|Win32
		{05CB7F20-C655-41C2-AAB3-8149EEDEC51B}.Debug|x86.ActiveCfg = Debug|Win32
		{05CB7F20-C655-41C2-AAB3-8149EEDEC51B}.Debug|x86.Build.0 = Debug|Win32
		{05CB7F20-C655-41C2-AAB3-8149EEDEC51B}.Release|Any CPU.ActiveCfg = Release|Win32
		{05CB7F20-C655-41C2-AAB3-8149EEDEC51B}.Release|ARM.ActiveCfg = Release|Win32
		{05CB7F20-C655-41C2-AAB3-8149EEDEC51B}.Release|x64.ActiveCfg = Release|Win32
		{05CB7F20-C655-41C2-AAB3-8149EEDEC51B}.Release|x86.ActiveCfg = Release|Win32
		{05CB7F20-C655-41C2-AAB3-8149EEDEC51B}.Release|x86.Build.0 = Release|Win32
		{E4B66279-6E7E-4326-8C1F-522D3DA81210}.Debug|Any CPU.ActiveCfg = Debug|Win32
		{E4B66279-6E7E-4326-8C1F-522D3DA81210}.Debug|ARM.ActiveCfg = Debug|Win32
		{E4B66279-6E7E-4326-8C1F-522D3DA81210}.Debug|x64.ActiveCfg = Debug|Win32
		{E4B66279-6E7E-4326-8C1F-522D3DA81210}.Debug|x86.ActiveCfg = Debug|Win32
		{E4B66279-6E7E-4326-8C1F-522D3DA81210}.Debug|x86.Build.0 = Debug|Win32
		{E4B66279-6E7E-4326-8C1F-522D3DA81210}.Release|Any CPU.ActiveCfg = Release|Win32
		{E4B66279-6E7E-4326-8C1F-522D3DA81210}.Release|ARM.ActiveCfg = Release|Win32
		{E4B66279-6E7E-4326-8C1F-522D3DA81210}.Release|x64.ActiveCfg = Release|Win32
		{E4B66279-6E7E-4326-8C1F-522D3DA81210}.Release|x86.ActiveCfg = Release|Win32
		{E4B66279-6E7E-4326-8C1F-522D3DA81210}.Release|x86.Build.0 = Release|Win32
		{689AF2F7-95EF-4EBD-A9A8-FC70F8B55E12}.Debug|Any CPU.ActiveCfg = Debug|Any CPU
		{689AF2F7-95EF-4EBD-A9A8-FC70F8B55E12}.Debug|Any CPU.Build.0 = Debug|Any CPU
		{689AF2F7-95EF-4EBD-A9A8-FC70F8B55E12}.Debug|ARM.ActiveCfg = Debug|Any CPU
		{689AF2F7-95EF-4EBD-A9A8-FC70F8B55E12}.Debug|ARM.Build.0 = Debug|Any CPU
		{689AF2F7-95EF-4EBD-A9A8-FC70F8B55E12}.Debug|x64.ActiveCfg = Debug|Any CPU
		{689AF2F7-95EF-4EBD-A9A8-FC70F8B55E12}.Debug|x64.Build.0 = Debug|Any CPU
		{689AF2F7-95EF-4EBD-A9A8-FC70F8B55E12}.Debug|x86.ActiveCfg = Debug|Any CPU
		{689AF2F7-95EF-4EBD-A9A8-FC70F8B55E12}.Debug|x86.Build.0 = Debug|Any CPU
		{689AF2F7-95EF-4EBD-A9A8-FC70F8B55E12}.Release|Any CPU.ActiveCfg = Release|Any CPU
		{689AF2F7-95EF-4EBD-A9A8-FC70F8B55E12}.Release|Any CPU.Build.0 = Release|Any CPU
		{689AF2F7-95EF-4EBD-A9A8-FC70F8B55E12}.Release|ARM.ActiveCfg = Release|Any CPU
		{689AF2F7-95EF-4EBD-A9A8-FC70F8B55E12}.Release|ARM.Build.0 = Release|Any CPU
		{689AF2F7-95EF-4EBD-A9A8-FC70F8B55E12}.Release|x64.ActiveCfg = Release|Any CPU
		{689AF2F7-95EF-4EBD-A9A8-FC70F8B55E12}.Release|x64.Build.0 = Release|Any CPU
		{689AF2F7-95EF-4EBD-A9A8-FC70F8B55E12}.Release|x86.ActiveCfg = Release|Any CPU
		{689AF2F7-95EF-4EBD-A9A8-FC70F8B55E12}.Release|x86.Build.0 = Release|Any CPU
		{2DB1B32D-3C33-48DC-AAEB-FC67B4E7994D}.Debug|Any CPU.ActiveCfg = Debug|Win32
		{2DB1B32D-3C33-48DC-AAEB-FC67B4E7994D}.Debug|ARM.ActiveCfg = Debug|Win32
		{2DB1B32D-3C33-48DC-AAEB-FC67B4E7994D}.Debug|x64.ActiveCfg = Debug|Win32
		{2DB1B32D-3C33-48DC-AAEB-FC67B4E7994D}.Debug|x86.ActiveCfg = Debug|Win32
		{2DB1B32D-3C33-48DC-AAEB-FC67B4E7994D}.Debug|x86.Build.0 = Debug|Win32
		{2DB1B32D-3C33-48DC-AAEB-FC67B4E7994D}.Release|Any CPU.ActiveCfg = Release|Win32
		{2DB1B32D-3C33-48DC-AAEB-FC67B4E7994D}.Release|ARM.ActiveCfg = Release|Win32
		{2DB1B32D-3C33-48DC-AAEB-FC67B4E7994D}.Release|x64.ActiveCfg = Release|Win32
		{2DB1B32D-3C33-48DC-AAEB-FC67B4E7994D}.Release|x86.ActiveCfg = Release|Win32
		{2DB1B32D-3C33-48DC-AAEB-FC67B4E7994D}.Release|x86.Build.0 = Release|Win32
		{8AD423A0-DE46-4466-AFBC-4422E170C303}.Debug|Any CPU.ActiveCfg = Debug|Win32
		{8AD423A0-DE46-4466-AFBC-4422E170C303}.Debug|ARM.ActiveCfg = Debug|Win32
		{8AD423A0-DE46-4466-AFBC-4422E170C303}.Debug|x64.ActiveCfg = Debug|Win32
		{8AD423A0-DE46-4466-AFBC-4422E170C303}.Debug|x86.ActiveCfg = Debug|Win32
		{8AD423A0-DE46-4466-AFBC-4422E170C303}.Debug|x86.Build.0 = Debug|Win32
		{8AD423A0-DE46-4466-AFBC-4422E170C303}.Release|Any CPU.ActiveCfg = Release|Win32
		{8AD423A0-DE46-4466-AFBC-4422E170C303}.Release|ARM.ActiveCfg = Release|Win32
		{8AD423A0-DE46-4466-AFBC-4422E170C303}.Release|x64.ActiveCfg = Release|Win32
		{8AD423A0-DE46-4466-AFBC-4422E170C303}.Release|x86.ActiveCfg = Release|Win32
		{8AD423A0-DE46-4466-AFBC-4422E170C303}.Release|x86.Build.0 = Release|Win32
		{56BCAF24-8438-47A4-8222-2D2366553679}.Debug|Any CPU.ActiveCfg = Debug|Win32
		{56BCAF24-8438-47A4-8222-2D2366553679}.Debug|ARM.ActiveCfg = Debug|Win32
		{56BCAF24-8438-47A4-8222-2D2366553679}.Debug|x64.ActiveCfg = Debug|Win32
		{56BCAF24-8438-47A4-8222-2D2366553679}.Debug|x86.ActiveCfg = Debug|Win32
		{56BCAF24-8438-47A4-8222-2D2366553679}.Debug|x86.Build.0 = Debug|Win32
		{56BCAF24-8438-47A4-8222-2D2366553679}.Release|Any CPU.ActiveCfg = Release|Win32
		{56BCAF24-8438-47A4-8222-2D2366553679}.Release|ARM.ActiveCfg = Release|Win32
		{56BCAF24-8438-47A4-8222-2D2366553679}.Release|x64.ActiveCfg = Release|Win32
		{56BCAF24-8438-47A4-8222-2D2366553679}.Release|x86.ActiveCfg = Release|Win32
		{56BCAF24-8438-47A4-8222-2D2366553679}.Release|x86.Build.0 = Release|Win32
	EndGlobalSection
	GlobalSection(SolutionProperties) = preSolution
		HideSolutionNode = FALSE
	EndGlobalSection
EndGlobal
